
Microsoft Visual Studio Solution File, Format Version 12.00
# Visual Studio Version 17
VisualStudioVersion = 17.12.35728.132
MinimumVisualStudioVersion = 10.0.40219.1
Project("{FAE04EC0-301F-11D3-BF4B-00C04F79EFBC}") = "HealthcareManagementSystem", "HealthcareManagementSystem\HealthcareManagementSystem.csproj", "{60CF5B25-A306-477E-B06D-69EFD09EDE66}"
EndProject
Project("{FAE04EC0-301F-11D3-BF4B-00C04F79EFBC}") = "PatientService", "PatientService\PatientService.csproj", "{7AF79A63-3935-47A2-A2BE-20C62D712D74}"
EndProject
Project("{FAE04EC0-301F-11D3-BF4B-00C04F79EFBC}") = "AuthenticationService", "AuthenticationService\AuthenticationService.csproj", "{911CE884-E699-4FCA-969F-50AC9BE7D10A}"
EndProject
Project("{FAE04EC0-301F-11D3-BF4B-00C04F79EFBC}") = "DatabaseModels", "DatabaseModels\DatabaseModels.csproj", "{3F634789-B0FE-48B1-B36A-2A447EA0B9E4}"
EndProject
Global
	GlobalSection(SolutionConfigurationPlatforms) = preSolution
		Debug|Any CPU = Debug|Any CPU
		Release|Any CPU = Release|Any CPU
	EndGlobalSection
	GlobalSection(ProjectConfigurationPlatforms) = postSolution
		{60CF5B25-A306-477E-B06D-69EFD09EDE66}.Debug|Any CPU.ActiveCfg = Debug|Any CPU
		{60CF5B25-A306-477E-B06D-69EFD09EDE66}.Debug|Any CPU.Build.0 = Debug|Any CPU
		{60CF5B25-A306-477E-B06D-69EFD09EDE66}.Release|Any CPU.ActiveCfg = Release|Any CPU
		{60CF5B25-A306-477E-B06D-69EFD09EDE66}.Release|Any CPU.Build.0 = Release|Any CPU
		{7AF79A63-3935-47A2-A2BE-20C62D712D74}.Debug|Any CPU.ActiveCfg = Debug|Any CPU
		{7AF79A63-3935-47A2-A2BE-20C62D712D74}.Debug|Any CPU.Build.0 = Debug|Any CPU
		{7AF79A63-3935-47A2-A2BE-20C62D712D74}.Release|Any CPU.ActiveCfg = Release|Any CPU
		{7AF79A63-3935-47A2-A2BE-20C62D712D74}.Release|Any CPU.Build.0 = Release|Any CPU
		{911CE884-E699-4FCA-969F-50AC9BE7D10A}.Debug|Any CPU.ActiveCfg = Debug|Any CPU
		{911CE884-E699-4FCA-969F-50AC9BE7D10A}.Debug|Any CPU.Build.0 = Debug|Any CPU
		{911CE884-E699-4FCA-969F-50AC9BE7D10A}.Release|Any CPU.ActiveCfg = Release|Any CPU
		{911CE884-E699-4FCA-969F-50AC9BE7D10A}.Release|Any CPU.Build.0 = Release|Any CPU
		{3F634789-B0FE-48B1-B36A-2A447EA0B9E4}.Debug|Any CPU.ActiveCfg = Debug|Any CPU
		{3F634789-B0FE-48B1-B36A-2A447EA0B9E4}.Debug|Any CPU.Build.0 = Debug|Any CPU
		{3F634789-B0FE-48B1-B36A-2A447EA0B9E4}.Release|Any CPU.ActiveCfg = Release|Any CPU
		{3F634789-B0FE-48B1-B36A-2A447EA0B9E4}.Release|Any CPU.Build.0 = Release|Any CPU
	EndGlobalSection
	GlobalSection(SolutionProperties) = preSolution
		HideSolutionNode = FALSE
	EndGlobalSection
EndGlobal
